
Microsoft Visual Studio Solution File, Format Version 12.00
# Visual Studio Version 16
VisualStudioVersion = 16.0.31313.79
MinimumVisualStudioVersion = 10.0.40219.1
Project("{FAE04EC0-301F-11D3-BF4B-00C04F79EFBC}") = "ClassTutorial", "ClassTutorial\ClassTutorial.csproj", "{FAE5744A-AC98-46F9-A846-9418F2DEAB40}"
EndProject
Global
	GlobalSection(SolutionConfigurationPlatforms) = preSolution
		Debug|Any CPU = Debug|Any CPU
		Release|Any CPU = Release|Any CPU
	EndGlobalSection
	GlobalSection(ProjectConfigurationPlatforms) = postSolution
		{FAE5744A-AC98-46F9-A846-9418F2DEAB40}.Debug|Any CPU.ActiveCfg = Debug|Any CPU
		{FAE5744A-AC98-46F9-A846-9418F2DEAB40}.Debug|Any CPU.Build.0 = Debug|Any CPU
		{FAE5744A-AC98-46F9-A846-9418F2DEAB40}.Release|Any CPU.ActiveCfg = Release|Any CPU
		{FAE5744A-AC98-46F9-A846-9418F2DEAB40}.Release|Any CPU.Build.0 = Release|Any CPU
	EndGlobalSection
	GlobalSection(SolutionProperties) = preSolution
		HideSolutionNode = FALSE
	EndGlobalSection
	GlobalSection(ExtensibilityGlobals) = postSolution
		SolutionGuid = {01F77972-D6B4-41ED-B9F6-F75778BA42E0}
	EndGlobalSection
EndGlobal
